
Microsoft Visual Studio Solution File, Format Version 12.00
# Visual Studio Version 16
VisualStudioVersion = 16.0.30204.135
MinimumVisualStudioVersion = 10.0.40219.1
Project("{FAE04EC0-301F-11D3-BF4B-00C04F79EFBC}") = "NormalAverager", "NormalAverager.csproj", "{0AEEF893-1E1E-45F8-A31E-9D699A92A447}"
EndProject
Global
	GlobalSection(SolutionConfigurationPlatforms) = preSolution
		Debug|Any CPU = Debug|Any CPU
		Release|Any CPU = Release|Any CPU
	EndGlobalSection
	GlobalSection(ProjectConfigurationPlatforms) = postSolution
		{0AEEF893-1E1E-45F8-A31E-9D699A92A447}.Debug|Any CPU.ActiveCfg = Debug|Any CPU
		{0AEEF893-1E1E-45F8-A31E-9D699A92A447}.Debug|Any CPU.Build.0 = Debug|Any CPU
		{0AEEF893-1E1E-45F8-A31E-9D699A92A447}.Release|Any CPU.ActiveCfg = Release|Any CPU
		{0AEEF893-1E1E-45F8-A31E-9D699A92A447}.Release|Any CPU.Build.0 = Release|Any CPU
	EndGlobalSection
	GlobalSection(SolutionProperties) = preSolution
		HideSolutionNode = FALSE
	EndGlobalSection
	GlobalSection(ExtensibilityGlobals) = postSolution
		SolutionGuid = {3C4105EF-3FF3-4578-85D2-65B78CDF0C21}
	EndGlobalSection
EndGlobal
